// !$*UTF8*$!
{
	archiveVersion = 1;
	classes = {
	};
	objectVersion = 46;
	objects = {

/* Begin PBXBuildFile section */
		7119438419FFD0D8001075AE /* main.m in Sources */ = {isa = PBXBuildFile; fileRef = 7119438319FFD0D8001075AE /* main.m */; };
		7119438719FFD0D8001075AE /* AppDelegate.m in Sources */ = {isa = PBXBuildFile; fileRef = 7119438619FFD0D8001075AE /* AppDelegate.m */; };
		7119438A19FFD0D8001075AE /* ViewController.m in Sources */ = {isa = PBXBuildFile; fileRef = 7119438919FFD0D8001075AE /* ViewController.m */; };
		7119438D19FFD0D8001075AE /* Main.storyboard in Resources */ = {isa = PBXBuildFile; fileRef = 7119438B19FFD0D8001075AE /* Main.storyboard */; };
		7119438F19FFD0D8001075AE /* Images.xcassets in Resources */ = {isa = PBXBuildFile; fileRef = 7119438E19FFD0D8001075AE /* Images.xcassets */; };
		7119439219FFD0D8001075AE /* LaunchScreen.xib in Resources */ = {isa = PBXBuildFile; fileRef = 7119439019FFD0D8001075AE /* LaunchScreen.xib */; };
		7119439E19FFD0D8001075AE /* YFNavigationControllerSampleTests.m in Sources */ = {isa = PBXBuildFile; fileRef = 7119439D19FFD0D8001075AE /* YFNavigationControllerSampleTests.m */; };
		711943AA19FFD13F001075AE /* YFNavigationController.m in Sources */ = {isa = PBXBuildFile; fileRef = 711943A919FFD13F001075AE /* YFNavigationController.m */; };
/* End PBXBuildFile section */

/* Begin PBXContainerItemProxy section */
		7119439819FFD0D8001075AE /* PBXContainerItemProxy */ = {
			isa = PBXContainerItemProxy;
			containerPortal = 7119437619FFD0D8001075AE /* Project object */;
			proxyType = 1;
			remoteGlobalIDString = 7119437D19FFD0D8001075AE;
			remoteInfo = YFNavigationControllerSample;
		};
/* End PBXContainerItemProxy section */

/* Begin PBXFileReference section */
		7119437E19FFD0D8001075AE /* YFNavigationControllerSample.app */ = {isa = PBXFileReference; explicitFileType = wrapper.application; includeInIndex = 0; path = YFNavigationControllerSample.app; sourceTree = BUILT_PRODUCTS_DIR; };
		7119438219FFD0D8001075AE /* Info.plist */ = {isa = PBXFileReference; lastKnownFileType = text.plist.xml; path = Info.plist; sourceTree = "<group>"; };
		7119438319FFD0D8001075AE /* main.m */ = {isa = PBXFileReference; lastKnownFileType = sourcecode.c.objc; path = main.m; sourceTree = "<group>"; };
		7119438519FFD0D8001075AE /* AppDelegate.h */ = {isa = PBXFileReference; lastKnownFileType = sourcecode.c.h; path = AppDelegate.h; sourceTree = "<group>"; };
		7119438619FFD0D8001075AE /* AppDelegate.m */ = {isa = PBXFileReference; lastKnownFileType = sourcecode.c.objc; path = AppDelegate.m; sourceTree = "<group>"; };
		7119438819FFD0D8001075AE /* ViewController.h */ = {isa = PBXFileReference; lastKnownFileType = sourcecode.c.h; path = ViewController.h; sourceTree = "<group>"; };
		7119438919FFD0D8001075AE /* ViewController.m */ = {isa = PBXFileReference; lastKnownFileType = sourcecode.c.objc; path = ViewController.m; sourceTree = "<group>"; };
		7119438C19FFD0D8001075AE /* Base */ = {isa = PBXFileReference; lastKnownFileType = file.storyboard; name = Base; path = Base.lproj/Main.storyboard; sourceTree = "<group>"; };
		7119438E19FFD0D8001075AE /* Images.xcassets */ = {isa = PBXFileReference; lastKnownFileType = folder.assetcatalog; path = Images.xcassets; sourceTree = "<group>"; };
		7119439119FFD0D8001075AE /* Base */ = {isa = PBXFileReference; lastKnownFileType = file.xib; name = Base; path = Base.lproj/LaunchScreen.xib; sourceTree = "<group>"; };
		7119439719FFD0D8001075AE /* YFNavigationControllerSampleTests.xctest */ = {isa = PBXFileReference; explicitFileType = wrapper.cfbundle; includeInIndex = 0; path = YFNavigationControllerSampleTests.xctest; sourceTree = BUILT_PRODUCTS_DIR; };
		7119439C19FFD0D8001075AE /* Info.plist */ = {isa = PBXFileReference; lastKnownFileType = text.plist.xml; path = Info.plist; sourceTree = "<group>"; };
		7119439D19FFD0D8001075AE /* YFNavigationControllerSampleTests.m */ = {isa = PBXFileReference; lastKnownFileType = sourcecode.c.objc; path = YFNavigationControllerSampleTests.m; sourceTree = "<group>"; };
		711943A819FFD13F001075AE /* YFNavigationController.h */ = {isa = PBXFileReference; fileEncoding = 4; lastKnownFileType = sourcecode.c.h; path = YFNavigationController.h; sourceTree = "<group>"; };
		711943A919FFD13F001075AE /* YFNavigationController.m */ = {isa = PBXFileReference; fileEncoding = 4; lastKnownFileType = sourcecode.c.objc; path = YFNavigationController.m; sourceTree = "<group>"; };
/* End PBXFileReference section */

/* Begin PBXFrameworksBuildPhase section */
		7119437B19FFD0D8001075AE /* Frameworks */ = {
			isa = PBXFrameworksBuildPhase;
			buildActionMask = 2147483647;
			files = (
			);
			runOnlyForDeploymentPostprocessing = 0;
		};
		7119439419FFD0D8001075AE /* Frameworks */ = {
			isa = PBXFrameworksBuildPhase;
			buildActionMask = 2147483647;
			files = (
			);
			runOnlyForDeploymentPostprocessing = 0;
		};
/* End PBXFrameworksBuildPhase section */

/* Begin PBXGroup section */
		7119437519FFD0D8001075AE = {
			isa = PBXGroup;
			children = (
				7119438019FFD0D8001075AE /* YFNavigationControllerSample */,
				7119439A19FFD0D8001075AE /* YFNavigationControllerSampleTests */,
				7119437F19FFD0D8001075AE /* Products */,
			);
			sourceTree = "<group>";
		};
		7119437F19FFD0D8001075AE /* Products */ = {
			isa = PBXGroup;
			children = (
				7119437E19FFD0D8001075AE /* YFNavigationControllerSample.app */,
				7119439719FFD0D8001075AE /* YFNavigationControllerSampleTests.xctest */,
			);
			name = Products;
			sourceTree = "<group>";
		};
		7119438019FFD0D8001075AE /* YFNavigationControllerSample */ = {
			isa = PBXGroup;
			children = (
				711943A719FFD124001075AE /* YFNavigationController */,
				7119438519FFD0D8001075AE /* AppDelegate.h */,
				7119438619FFD0D8001075AE /* AppDelegate.m */,
				7119438819FFD0D8001075AE /* ViewController.h */,
				7119438919FFD0D8001075AE /* ViewController.m */,
				7119438B19FFD0D8001075AE /* Main.storyboard */,
				7119438E19FFD0D8001075AE /* Images.xcassets */,
				7119439019FFD0D8001075AE /* LaunchScreen.xib */,
				7119438119FFD0D8001075AE /* Supporting Files */,
			);
			path = YFNavigationControllerSample;
			sourceTree = "<group>";
		};
		7119438119FFD0D8001075AE /* Supporting Files */ = {
			isa = PBXGroup;
			children = (
				7119438219FFD0D8001075AE /* Info.plist */,
				7119438319FFD0D8001075AE /* main.m */,
			);
			name = "Supporting Files";
			sourceTree = "<group>";
		};
		7119439A19FFD0D8001075AE /* YFNavigationControllerSampleTests */ = {
			isa = PBXGroup;
			children = (
				7119439D19FFD0D8001075AE /* YFNavigationControllerSampleTests.m */,
				7119439B19FFD0D8001075AE /* Supporting Files */,
			);
			path = YFNavigationControllerSampleTests;
			sourceTree = "<group>";
		};
		7119439B19FFD0D8001075AE /* Supporting Files */ = {
			isa = PBXGroup;
			children = (
				7119439C19FFD0D8001075AE /* Info.plist */,
			);
			name = "Supporting Files";
			sourceTree = "<group>";
		};
		711943A719FFD124001075AE /* YFNavigationController */ = {
			isa = PBXGroup;
			children = (
				711943A819FFD13F001075AE /* YFNavigationController.h */,
				711943A919FFD13F001075AE /* YFNavigationController.m */,
			);
			path = YFNavigationController;
			sourceTree = "<group>";
		};
/* End PBXGroup section */

/* Begin PBXNativeTarget section */
		7119437D19FFD0D8001075AE /* YFNavigationControllerSample */ = {
			isa = PBXNativeTarget;
			buildConfigurationList = 711943A119FFD0D9001075AE /* Build configuration list for PBXNativeTarget "YFNavigationControllerSample" */;
			buildPhases = (
				7119437A19FFD0D8001075AE /* Sources */,
				7119437B19FFD0D8001075AE /* Frameworks */,
				7119437C19FFD0D8001075AE /* Resources */,
			);
			buildRules = (
			);
			dependencies = (
			);
			name = YFNavigationControllerSample;
			productName = YFNavigationControllerSample;
			productReference = 7119437E19FFD0D8001075AE /* YFNavigationControllerSample.app */;
			productType = "com.apple.product-type.application";
		};
		7119439619FFD0D8001075AE /* YFNavigationControllerSampleTests */ = {
			isa = PBXNativeTarget;
			buildConfigurationList = 711943A419FFD0D9001075AE /* Build configuration list for PBXNativeTarget "YFNavigationControllerSampleTests" */;
			buildPhases = (
				7119439319FFD0D8001075AE /* Sources */,
				7119439419FFD0D8001075AE /* Frameworks */,
				7119439519FFD0D8001075AE /* Resources */,
			);
			buildRules = (
			);
			dependencies = (
				7119439919FFD0D8001075AE /* PBXTargetDependency */,
			);
			name = YFNavigationControllerSampleTests;
			productName = YFNavigationControllerSampleTests;
			productReference = 7119439719FFD0D8001075AE /* YFNavigationControllerSampleTests.xctest */;
			productType = "com.apple.product-type.bundle.unit-test";
		};
/* End PBXNativeTarget section */

/* Begin PBXProject section */
		7119437619FFD0D8001075AE /* Project object */ = {
			isa = PBXProject;
			attributes = {
				LastUpgradeCheck = 0610;
				ORGANIZATIONNAME = YifengWu;
				TargetAttributes = {
					7119437D19FFD0D8001075AE = {
						CreatedOnToolsVersion = 6.1;
					};
					7119439619FFD0D8001075AE = {
						CreatedOnToolsVersion = 6.1;
						TestTargetID = 7119437D19FFD0D8001075AE;
					};
				};
			};
			buildConfigurationList = 7119437919FFD0D8001075AE /* Build configuration list for PBXProject "YFNavigationControllerSample" */;
			compatibilityVersion = "Xcode 3.2";
			developmentRegion = English;
			hasScannedForEncodings = 0;
			knownRegions = (
				en,
				Base,
			);
			mainGroup = 7119437519FFD0D8001075AE;
			productRefGroup = 7119437F19FFD0D8001075AE /* Products */;
			projectDirPath = "";
			projectRoot = "";
			targets = (
				7119437D19FFD0D8001075AE /* YFNavigationControllerSample */,
				7119439619FFD0D8001075AE /* YFNavigationControllerSampleTests */,
			);
		};
/* End PBXProject section */

/* Begin PBXResourcesBuildPhase section */
		7119437C19FFD0D8001075AE /* Resources */ = {
			isa = PBXResourcesBuildPhase;
			buildActionMask = 2147483647;
			files = (
				7119438D19FFD0D8001075AE /* Main.storyboard in Resources */,
				7119439219FFD0D8001075AE /* LaunchScreen.xib in Resources */,
				7119438F19FFD0D8001075AE /* Images.xcassets in Resources */,
			);
			runOnlyForDeploymentPostprocessing = 0;
		};
		7119439519FFD0D8001075AE /* Resources */ = {
			isa = PBXResourcesBuildPhase;
			buildActionMask = 2147483647;
			files = (
			);
			runOnlyForDeploymentPostprocessing = 0;
		};
/* End PBXResourcesBuildPhase section */

/* Begin PBXSourcesBuildPhase section */
		7119437A19FFD0D8001075AE /* Sources */ = {
			isa = PBXSourcesBuildPhase;
			buildActionMask = 2147483647;
			files = (
				7119438A19FFD0D8001075AE /* ViewController.m in Sources */,
				7119438719FFD0D8001075AE /* AppDelegate.m in Sources */,
				711943AA19FFD13F001075AE /* YFNavigationController.m in Sources */,
				7119438419FFD0D8001075AE /* main.m in Sources */,
			);
			runOnlyForDeploymentPostprocessing = 0;
		};
		7119439319FFD0D8001075AE /* Sources */ = {
			isa = PBXSourcesBuildPhase;
			buildActionMask = 2147483647;
			files = (
				7119439E19FFD0D8001075AE /* YFNavigationControllerSampleTests.m in Sources */,
			);
			runOnlyForDeploymentPostprocessing = 0;
		};
/* End PBXSourcesBuildPhase section */

/* Begin PBXTargetDependency section */
		7119439919FFD0D8001075AE /* PBXTargetDependency */ = {
			isa = PBXTargetDependency;
			target = 7119437D19FFD0D8001075AE /* YFNavigationControllerSample */;
			targetProxy = 7119439819FFD0D8001075AE /* PBXContainerItemProxy */;
		};
/* End PBXTargetDependency section */

/* Begin PBXVariantGroup section */
		7119438B19FFD0D8001075AE /* Main.storyboard */ = {
			isa = PBXVariantGroup;
			children = (
				7119438C19FFD0D8001075AE /* Base */,
			);
			name = Main.storyboard;
			sourceTree = "<group>";
		};
		7119439019FFD0D8001075AE /* LaunchScreen.xib */ = {
			isa = PBXVariantGroup;
			children = (
				7119439119FFD0D8001075AE /* Base */,
			);
			name = LaunchScreen.xib;
			sourceTree = "<group>";
		};
/* End PBXVariantGroup section */

/* Begin XCBuildConfiguration section */
		7119439F19FFD0D8001075AE /* Debug */ = {
			isa = XCBuildConfiguration;
			buildSettings = {
				ALWAYS_SEARCH_USER_PATHS = NO;
				CLANG_CXX_LANGUAGE_STANDARD = "gnu++0x";
				CLANG_CXX_LIBRARY = "libc++";
				CLANG_ENABLE_MODULES = YES;
				CLANG_ENABLE_OBJC_ARC = YES;
				CLANG_WARN_BOOL_CONVERSION = YES;
				CLANG_WARN_CONSTANT_CONVERSION = YES;
				CLANG_WARN_DIRECT_OBJC_ISA_USAGE = YES_ERROR;
				CLANG_WARN_EMPTY_BODY = YES;
				CLANG_WARN_ENUM_CONVERSION = YES;
				CLANG_WARN_INT_CONVERSION = YES;
				CLANG_WARN_OBJC_ROOT_CLASS = YES_ERROR;
				CLANG_WARN_UNREACHABLE_CODE = YES;
				CLANG_WARN__DUPLICATE_METHOD_MATCH = YES;
				"CODE_SIGN_IDENTITY[sdk=iphoneos*]" = "iPhone Developer";
				COPY_PHASE_STRIP = NO;
				ENABLE_STRICT_OBJC_MSGSEND = YES;
				GCC_C_LANGUAGE_STANDARD = gnu99;
				GCC_DYNAMIC_NO_PIC = NO;
				GCC_OPTIMIZATION_LEVEL = 0;
				GCC_PREPROCESSOR_DEFINITIONS = (
					"DEBUG=1",
					"$(inherited)",
				);
				GCC_SYMBOLS_PRIVATE_EXTERN = NO;
				GCC_WARN_64_TO_32_BIT_CONVERSION = YES;
				GCC_WARN_ABOUT_RETURN_TYPE = YES_ERROR;
				GCC_WARN_UNDECLARED_SELECTOR = YES;
				GCC_WARN_UNINITIALIZED_AUTOS = YES_AGGRESSIVE;
				GCC_WARN_UNUSED_FUNCTION = YES;
				GCC_WARN_UNUSED_VARIABLE = YES;
				IPHONEOS_DEPLOYMENT_TARGET = 8.1;
				MTL_ENABLE_DEBUG_INFO = YES;
				ONLY_ACTIVE_ARCH = YES;
				SDKROOT = iphoneos;
				TARGETED_DEVICE_FAMILY = "1,2";
			};
			name = Debug;
		};
		711943A019FFD0D8001075AE /* Release */ = {
			isa = XCBuildConfiguration;
			buildSettings = {
				ALWAYS_SEARCH_USER_PATHS = NO;
				CLANG_CXX_LANGUAGE_STANDARD = "gnu++0x";
				CLANG_CXX_LIBRARY = "libc++";
				CLANG_ENABLE_MODULES = YES;
				CLANG_ENABLE_OBJC_ARC = YES;
				CLANG_WARN_BOOL_CONVERSION = YES;
				CLANG_WARN_CONSTANT_CONVERSION = YES;
				CLANG_WARN_DIRECT_OBJC_ISA_USAGE = YES_ERROR;
				CLANG_WARN_EMPTY_BODY = YES;
				CLANG_WARN_ENUM_CONVERSION = YES;
				CLANG_WARN_INT_CONVERSION = YES;
				CLANG_WARN_OBJC_ROOT_CLASS = YES_ERROR;
				CLANG_WARN_UNREACHABLE_CODE = YES;
				CLANG_WARN__DUPLICATE_METHOD_MATCH = YES;
				"CODE_SIGN_IDENTITY[sdk=iphoneos*]" = "iPhone Developer";
				COPY_PHASE_STRIP = YES;
				ENABLE_NS_ASSERTIONS = NO;
				ENABLE_STRICT_OBJC_MSGSEND = YES;
				GCC_C_LANGUAGE_STANDARD = gnu99;
				GCC_WARN_64_TO_32_BIT_CONVERSION = YES;
				GCC_WARN_ABOUT_RETURN_TYPE = YES_ERROR;
				GCC_WARN_UNDECLARED_SELECTOR = YES;
				GCC_WARN_UNINITIALIZED_AUTOS = YES_AGGRESSIVE;
				GCC_WARN_UNUSED_FUNCTION = YES;
				GCC_WARN_UNUSED_VARIABLE = YES;
				IPHONEOS_DEPLOYMENT_TARGET = 8.1;
				MTL_ENABLE_DEBUG_INFO = NO;
				SDKROOT = iphoneos;
				TARGETED_DEVICE_FAMILY = "1,2";
				VALIDATE_PRODUCT = YES;
			};
			name = Release;
		};
		711943A219FFD0D9001075AE /* Debug */ = {
			isa = XCBuildConfiguration;
			buildSettings = {
				ASSETCATALOG_COMPILER_APPICON_NAME = AppIcon;
				INFOPLIST_FILE = YFNavigationControllerSample/Info.plist;
				LD_RUNPATH_SEARCH_PATHS = "$(inherited) @executable_path/Frameworks";
				PRODUCT_NAME = "$(TARGET_NAME)";
			};
			name = Debug;
		};
		711943A319FFD0D9001075AE /* Release */ = {
			isa = XCBuildConfiguration;
			buildSettings = {
				ASSETCATALOG_COMPILER_APPICON_NAME = AppIcon;
				INFOPLIST_FILE = YFNavigationControllerSample/Info.plist;
				LD_RUNPATH_SEARCH_PATHS = "$(inherited) @executable_path/Frameworks";
				PRODUCT_NAME = "$(TARGET_NAME)";
			};
			name = Release;
		};
		711943A519FFD0D9001075AE /* Debug */ = {
			isa = XCBuildConfiguration;
			buildSettings = {
				BUNDLE_LOADER = "$(TEST_HOST)";
				FRAMEWORK_SEARCH_PATHS = (
					"$(SDKROOT)/Developer/Library/Frameworks",
					"$(inherited)",
				);
				GCC_PREPROCESSOR_DEFINITIONS = (
					"DEBUG=1",
					"$(inherited)",
				);
				INFOPLIST_FILE = YFNavigationControllerSampleTests/Info.plist;
				LD_RUNPATH_SEARCH_PATHS = "$(inherited) @executable_path/Frameworks @loader_path/Frameworks";
				PRODUCT_NAME = "$(TARGET_NAME)";
				TEST_HOST = "$(BUILT_PRODUCTS_DIR)/YFNavigationControllerSample.app/YFNavigationControllerSample";
			};
			name = Debug;
		};
		711943A619FFD0D9001075AE /* Release */ = {
			isa = XCBuildConfiguration;
			buildSettings = {
				BUNDLE_LOADER = "$(TEST_HOST)";
				FRAMEWORK_SEARCH_PATHS = (
					"$(SDKROOT)/Developer/Library/Frameworks",
					"$(inherited)",
				);
				INFOPLIST_FILE = YFNavigationControllerSampleTests/Info.plist;
				LD_RUNPATH_SEARCH_PATHS = "$(inherited) @executable_path/Frameworks @loader_path/Frameworks";
				PRODUCT_NAME = "$(TARGET_NAME)";
				TEST_HOST = "$(BUILT_PRODUCTS_DIR)/YFNavigationControllerSample.app/YFNavigationControllerSample";
			};
			name = Release;
		};
/* End XCBuildConfiguration section */

/* Begin XCConfigurationList section */
		7119437919FFD0D8001075AE /* Build configuration list for PBXProject "YFNavigationControllerSample" */ = {
			isa = XCConfigurationList;
			buildConfigurations = (
				7119439F19FFD0D8001075AE /* Debug */,
				711943A019FFD0D8001075AE /* Release */,
			);
			defaultConfigurationIsVisible = 0;
			defaultConfigurationName = Release;
		};
		711943A119FFD0D9001075AE /* Build configuration list for PBXNativeTarget "YFNavigationControllerSample" */ = {
			isa = XCConfigurationList;
			buildConfigurations = (
				711943A219FFD0D9001075AE /* Debug */,
				711943A319FFD0D9001075AE /* Release */,
			);
			defaultConfigurationIsVisible = 0;
		};
		711943A419FFD0D9001075AE /* Build configuration list for PBXNativeTarget "YFNavigationControllerSampleTests" */ = {
			isa = XCConfigurationList;
			buildConfigurations = (
				711943A519FFD0D9001075AE /* Debug */,
				711943A619FFD0D9001075AE /* Release */,
			);
			defaultConfigurationIsVisible = 0;
		};
/* End XCConfigurationList section */
	};
	rootObject = 7119437619FFD0D8001075AE /* Project object */;
}
